
Microsoft Visual Studio Solution File, Format Version 12.00
# Visual Studio 2012
Project("{FAE04EC0-301F-11D3-BF4B-00C04F79EFBC}") = "sqlServerDataBase", "sqlServerDataBase\sqlServerDataBase.csproj", "{56F8006A-9AC5-4F49-A6DE-0E37AAC2B2EF}"
EndProject
Global
	GlobalSection(SolutionConfigurationPlatforms) = preSolution
		Debug|Any CPU = Debug|Any CPU
		Release|Any CPU = Release|Any CPU
	EndGlobalSection
	GlobalSection(ProjectConfigurationPlatforms) = postSolution
		{56F8006A-9AC5-4F49-A6DE-0E37AAC2B2EF}.Debug|Any CPU.ActiveCfg = Debug|Any CPU
		{56F8006A-9AC5-4F49-A6DE-0E37AAC2B2EF}.Debug|Any CPU.Build.0 = Debug|Any CPU
		{56F8006A-9AC5-4F49-A6DE-0E37AAC2B2EF}.Release|Any CPU.ActiveCfg = Release|Any CPU
		{56F8006A-9AC5-4F49-A6DE-0E37AAC2B2EF}.Release|Any CPU.Build.0 = Release|Any CPU
	EndGlobalSection
	GlobalSection(SolutionProperties) = preSolution
		HideSolutionNode = FALSE
	EndGlobalSection
EndGlobal
